
Microsoft Visual Studio Solution File, Format Version 12.00
Project("{FAE04EC0-301F-11D3-BF4B-00C04F79EFBC}") = "PickRandomCards", "PickRandomCards\PickRandomCards.csproj", "{3DE7A848-2DA6-4704-A359-27E94DC90053}"
EndProject
Global
	GlobalSection(SolutionConfigurationPlatforms) = preSolution
		Debug|Any CPU = Debug|Any CPU
		Release|Any CPU = Release|Any CPU
	EndGlobalSection
	GlobalSection(ProjectConfigurationPlatforms) = postSolution
		{3DE7A848-2DA6-4704-A359-27E94DC90053}.Debug|Any CPU.ActiveCfg = Debug|Any CPU
		{3DE7A848-2DA6-4704-A359-27E94DC90053}.Debug|Any CPU.Build.0 = Debug|Any CPU
		{3DE7A848-2DA6-4704-A359-27E94DC90053}.Release|Any CPU.ActiveCfg = Release|Any CPU
		{3DE7A848-2DA6-4704-A359-27E94DC90053}.Release|Any CPU.Build.0 = Release|Any CPU
	EndGlobalSection
EndGlobal
